uuid: 7b48e604-4cbd-4384-8e58-0dbc66a27b21
langcode: en
status: true
dependencies: {  }
_core:
  default_config_hash: '-4Fu1DdsZ24fXBPQl7GIivGWeHcBMdt7SI1NQrYLQLY'
id: oe_list_item_block
label: 'List item block'
icon_uuid: null
description: 'Display multiple list items organised in columns.'
behavior_plugins: {  }
